
Microsoft Visual Studio Solution File, Format Version 12.00
# Visual Studio 2013
VisualStudioVersion = 12.0.31101.0
MinimumVisualStudioVersion = 10.0.40219.1
Project("{FAE04EC0-301F-11D3-BF4B-00C04F79EFBC}") = "Stubble.Core", "Stubble\Stubble.Core.csproj", "{A2584D21-8BCD-4049-BC57-0634D054E1B0}"
EndProject
Project("{FAE04EC0-301F-11D3-BF4B-00C04F79EFBC}") = "Stubble.Core.Tests", "Stubble.Core.Tests\Stubble.Core.Tests.csproj", "{4BDC175A-16A7-462A-8A6B-E07EB75E212A}"
EndProject
Global
	GlobalSection(SolutionConfigurationPlatforms) = preSolution
		Debug|Any CPU = Debug|Any CPU
		Release|Any CPU = Release|Any CPU
	EndGlobalSection
	GlobalSection(ProjectConfigurationPlatforms) = postSolution
		{A2584D21-8BCD-4049-BC57-0634D054E1B0}.Debug|Any CPU.ActiveCfg = Debug|Any CPU
		{A2584D21-8BCD-4049-BC57-0634D054E1B0}.Debug|Any CPU.Build.0 = Debug|Any CPU
		{A2584D21-8BCD-4049-BC57-0634D054E1B0}.Release|Any CPU.ActiveCfg = Release|Any CPU
		{A2584D21-8BCD-4049-BC57-0634D054E1B0}.Release|Any CPU.Build.0 = Release|Any CPU
		{4BDC175A-16A7-462A-8A6B-E07EB75E212A}.Debug|Any CPU.ActiveCfg = Debug|Any CPU
		{4BDC175A-16A7-462A-8A6B-E07EB75E212A}.Debug|Any CPU.Build.0 = Debug|Any CPU
		{4BDC175A-16A7-462A-8A6B-E07EB75E212A}.Release|Any CPU.ActiveCfg = Release|Any CPU
		{4BDC175A-16A7-462A-8A6B-E07EB75E212A}.Release|Any CPU.Build.0 = Release|Any CPU
	EndGlobalSection
	GlobalSection(SolutionProperties) = preSolution
		HideSolutionNode = FALSE
	EndGlobalSection
EndGlobal
